
Microsoft Visual Studio Solution File, Format Version 12.00
# Visual Studio 15
VisualStudioVersion = 15.0.28010.2019
MinimumVisualStudioVersion = 10.0.40219.1
Project("{FAE04EC0-301F-11D3-BF4B-00C04F79EFBC}") = "FNATest", "FNATest.csproj", "{947BB64F-D0DC-4DCE-BE71-FE42E10F46B6}"
EndProject
Project("{FAE04EC0-301F-11D3-BF4B-00C04F79EFBC}") = "FNA", "E:\Documents\Projects\FNA\FNA.csproj", "{35253CE1-C864-4CD3-8249-4D1319748E8F}"
EndProject
Project("{FAE04EC0-301F-11D3-BF4B-00C04F79EFBC}") = "Squared.Util", "E:\Documents\Projects\Fracture\Squared\Util\Squared.Util.csproj", "{D7F549CF-E0A6-491C-A78C-ECAB590BB2A7}"
EndProject
Project("{FAE04EC0-301F-11D3-BF4B-00C04F79EFBC}") = "Squared.Threading", "E:\Documents\Projects\Fracture\Squared\Threading\Squared.Threading.csproj", "{ECCB8787-0FC6-43B2-ABD1-6CBB237916EC}"
EndProject
Project("{FAE04EC0-301F-11D3-BF4B-00C04F79EFBC}") = "Squared.Render", "E:\Documents\Projects\Fracture\Squared\RenderLib\Squared.Render.csproj", "{FE871F18-FD35-4124-AF8F-0021C9D4BA29}"
EndProject
Project("{FAE04EC0-301F-11D3-BF4B-00C04F79EFBC}") = "Squared.Game", "E:\Documents\Projects\Fracture\Squared\GameLib\Squared.Game.csproj", "{36463AEE-E309-43A6-BCFA-A69944390AF0}"
EndProject
Project("{FAE04EC0-301F-11D3-BF4B-00C04F79EFBC}") = "Squared.Task", "E:\Documents\Projects\Fracture\Squared\TaskLib\Squared.Task.csproj", "{173ABDCA-7278-46FF-A300-D3BF8CCEF181}"
EndProject
Project("{FAE04EC0-301F-11D3-BF4B-00C04F79EFBC}") = "Squared.Render.Freetype", "..\Fracture\Squared\Render.Freetype\Squared.Render.Freetype.csproj", "{CFB603C1-8371-460D-BA60-91E697EAE1B3}"
EndProject
Project("{FAE04EC0-301F-11D3-BF4B-00C04F79EFBC}") = "SharpFont", "..\Fracture\Ext\SharpFont\Source\SharpFont\SharpFont.csproj", "{ECD55E3B-1139-4F0D-AF63-3F471AAF6E91}"
EndProject
Global
	GlobalSection(SolutionConfigurationPlatforms) = preSolution
		Debug|x64 = Debug|x64
		Debug|x86 = Debug|x86
		Release|x64 = Release|x64
		Release|x86 = Release|x86
		XNA|x64 = XNA|x64
		XNA|x86 = XNA|x86
	EndGlobalSection
	GlobalSection(ProjectConfigurationPlatforms) = postSolution
		{947BB64F-D0DC-4DCE-BE71-FE42E10F46B6}.Debug|x64.ActiveCfg = Debug|FNA-x64
		{947BB64F-D0DC-4DCE-BE71-FE42E10F46B6}.Debug|x64.Build.0 = Debug|FNA-x64
		{947BB64F-D0DC-4DCE-BE71-FE42E10F46B6}.Debug|x86.ActiveCfg = Debug|FNA
		{947BB64F-D0DC-4DCE-BE71-FE42E10F46B6}.Debug|x86.Build.0 = Debug|FNA
		{947BB64F-D0DC-4DCE-BE71-FE42E10F46B6}.Release|x64.ActiveCfg = Release|FNA-x64
		{947BB64F-D0DC-4DCE-BE71-FE42E10F46B6}.Release|x64.Build.0 = Release|FNA-x64
		{947BB64F-D0DC-4DCE-BE71-FE42E10F46B6}.Release|x86.ActiveCfg = Release|FNA
		{947BB64F-D0DC-4DCE-BE71-FE42E10F46B6}.Release|x86.Build.0 = Release|FNA
		{947BB64F-D0DC-4DCE-BE71-FE42E10F46B6}.XNA|x64.ActiveCfg = Debug|FNA-x64
		{947BB64F-D0DC-4DCE-BE71-FE42E10F46B6}.XNA|x64.Build.0 = Debug|FNA-x64
		{947BB64F-D0DC-4DCE-BE71-FE42E10F46B6}.XNA|x86.ActiveCfg = Debug|x86
		{947BB64F-D0DC-4DCE-BE71-FE42E10F46B6}.XNA|x86.Build.0 = Debug|x86
		{35253CE1-C864-4CD3-8249-4D1319748E8F}.Debug|x64.ActiveCfg = Debug|x64
		{35253CE1-C864-4CD3-8249-4D1319748E8F}.Debug|x64.Build.0 = Debug|x64
		{35253CE1-C864-4CD3-8249-4D1319748E8F}.Debug|x86.ActiveCfg = Debug|x86
		{35253CE1-C864-4CD3-8249-4D1319748E8F}.Debug|x86.Build.0 = Debug|x86
		{35253CE1-C864-4CD3-8249-4D1319748E8F}.Release|x64.ActiveCfg = Release|x64
		{35253CE1-C864-4CD3-8249-4D1319748E8F}.Release|x64.Build.0 = Release|x64
		{35253CE1-C864-4CD3-8249-4D1319748E8F}.Release|x86.ActiveCfg = Release|x86
		{35253CE1-C864-4CD3-8249-4D1319748E8F}.Release|x86.Build.0 = Release|x86
		{35253CE1-C864-4CD3-8249-4D1319748E8F}.XNA|x64.ActiveCfg = Debug|x86
		{35253CE1-C864-4CD3-8249-4D1319748E8F}.XNA|x86.ActiveCfg = Debug|x86
		{D7F549CF-E0A6-491C-A78C-ECAB590BB2A7}.Debug|x64.ActiveCfg = Debug|Any CPU
		{D7F549CF-E0A6-491C-A78C-ECAB590BB2A7}.Debug|x64.Build.0 = Debug|Any CPU
		{D7F549CF-E0A6-491C-A78C-ECAB590BB2A7}.Debug|x86.ActiveCfg = Debug|Any CPU
		{D7F549CF-E0A6-491C-A78C-ECAB590BB2A7}.Debug|x86.Build.0 = Debug|Any CPU
		{D7F549CF-E0A6-491C-A78C-ECAB590BB2A7}.Release|x64.ActiveCfg = Release|Any CPU
		{D7F549CF-E0A6-491C-A78C-ECAB590BB2A7}.Release|x64.Build.0 = Release|Any CPU
		{D7F549CF-E0A6-491C-A78C-ECAB590BB2A7}.Release|x86.ActiveCfg = Release|x86
		{D7F549CF-E0A6-491C-A78C-ECAB590BB2A7}.Release|x86.Build.0 = Release|x86
		{D7F549CF-E0A6-491C-A78C-ECAB590BB2A7}.XNA|x64.ActiveCfg = Debug|Any CPU
		{D7F549CF-E0A6-491C-A78C-ECAB590BB2A7}.XNA|x64.Build.0 = Debug|Any CPU
		{D7F549CF-E0A6-491C-A78C-ECAB590BB2A7}.XNA|x86.ActiveCfg = Debug|x86
		{D7F549CF-E0A6-491C-A78C-ECAB590BB2A7}.XNA|x86.Build.0 = Debug|x86
		{ECCB8787-0FC6-43B2-ABD1-6CBB237916EC}.Debug|x64.ActiveCfg = Debug|Any CPU
		{ECCB8787-0FC6-43B2-ABD1-6CBB237916EC}.Debug|x64.Build.0 = Debug|Any CPU
		{ECCB8787-0FC6-43B2-ABD1-6CBB237916EC}.Debug|x86.ActiveCfg = Debug|Any CPU
		{ECCB8787-0FC6-43B2-ABD1-6CBB237916EC}.Debug|x86.Build.0 = Debug|Any CPU
		{ECCB8787-0FC6-43B2-ABD1-6CBB237916EC}.Release|x64.ActiveCfg = Release|Any CPU
		{ECCB8787-0FC6-43B2-ABD1-6CBB237916EC}.Release|x64.Build.0 = Release|Any CPU
		{ECCB8787-0FC6-43B2-ABD1-6CBB237916EC}.Release|x86.ActiveCfg = Release|Any CPU
		{ECCB8787-0FC6-43B2-ABD1-6CBB237916EC}.Release|x86.Build.0 = Release|Any CPU
		{ECCB8787-0FC6-43B2-ABD1-6CBB237916EC}.XNA|x64.ActiveCfg = Debug|Any CPU
		{ECCB8787-0FC6-43B2-ABD1-6CBB237916EC}.XNA|x64.Build.0 = Debug|Any CPU
		{ECCB8787-0FC6-43B2-ABD1-6CBB237916EC}.XNA|x86.ActiveCfg = Debug|Any CPU
		{ECCB8787-0FC6-43B2-ABD1-6CBB237916EC}.XNA|x86.Build.0 = Debug|Any CPU
		{FE871F18-FD35-4124-AF8F-0021C9D4BA29}.Debug|x64.ActiveCfg = Debug|FNA
		{FE871F18-FD35-4124-AF8F-0021C9D4BA29}.Debug|x64.Build.0 = Debug|FNA
		{FE871F18-FD35-4124-AF8F-0021C9D4BA29}.Debug|x86.ActiveCfg = Debug|FNA
		{FE871F18-FD35-4124-AF8F-0021C9D4BA29}.Debug|x86.Build.0 = Debug|FNA
		{FE871F18-FD35-4124-AF8F-0021C9D4BA29}.Release|x64.ActiveCfg = Release|FNA
		{FE871F18-FD35-4124-AF8F-0021C9D4BA29}.Release|x64.Build.0 = Release|FNA
		{FE871F18-FD35-4124-AF8F-0021C9D4BA29}.Release|x86.ActiveCfg = Release|FNA
		{FE871F18-FD35-4124-AF8F-0021C9D4BA29}.Release|x86.Build.0 = Release|FNA
		{FE871F18-FD35-4124-AF8F-0021C9D4BA29}.XNA|x64.ActiveCfg = Debug|x86
		{FE871F18-FD35-4124-AF8F-0021C9D4BA29}.XNA|x64.Build.0 = Debug|x86
		{FE871F18-FD35-4124-AF8F-0021C9D4BA29}.XNA|x86.ActiveCfg = Debug|x86
		{FE871F18-FD35-4124-AF8F-0021C9D4BA29}.XNA|x86.Build.0 = Debug|x86
		{36463AEE-E309-43A6-BCFA-A69944390AF0}.Debug|x64.ActiveCfg = Debug|FNA
		{36463AEE-E309-43A6-BCFA-A69944390AF0}.Debug|x64.Build.0 = Debug|FNA
		{36463AEE-E309-43A6-BCFA-A69944390AF0}.Debug|x86.ActiveCfg = Debug|FNA
		{36463AEE-E309-43A6-BCFA-A69944390AF0}.Debug|x86.Build.0 = Debug|FNA
		{36463AEE-E309-43A6-BCFA-A69944390AF0}.Release|x64.ActiveCfg = Release|FNA
		{36463AEE-E309-43A6-BCFA-A69944390AF0}.Release|x64.Build.0 = Release|FNA
		{36463AEE-E309-43A6-BCFA-A69944390AF0}.Release|x86.ActiveCfg = Release|FNA
		{36463AEE-E309-43A6-BCFA-A69944390AF0}.Release|x86.Build.0 = Release|FNA
		{36463AEE-E309-43A6-BCFA-A69944390AF0}.XNA|x64.ActiveCfg = Debug|x86
		{36463AEE-E309-43A6-BCFA-A69944390AF0}.XNA|x64.Build.0 = Debug|x86
		{36463AEE-E309-43A6-BCFA-A69944390AF0}.XNA|x86.ActiveCfg = Debug|x86
		{36463AEE-E309-43A6-BCFA-A69944390AF0}.XNA|x86.Build.0 = Debug|x86
		{173ABDCA-7278-46FF-A300-D3BF8CCEF181}.Debug|x64.ActiveCfg = Debug|Any CPU
		{173ABDCA-7278-46FF-A300-D3BF8CCEF181}.Debug|x64.Build.0 = Debug|Any CPU
		{173ABDCA-7278-46FF-A300-D3BF8CCEF181}.Debug|x86.ActiveCfg = Debug|Any CPU
		{173ABDCA-7278-46FF-A300-D3BF8CCEF181}.Debug|x86.Build.0 = Debug|Any CPU
		{173ABDCA-7278-46FF-A300-D3BF8CCEF181}.Release|x64.ActiveCfg = Release|Any CPU
		{173ABDCA-7278-46FF-A300-D3BF8CCEF181}.Release|x64.Build.0 = Release|Any CPU
		{173ABDCA-7278-46FF-A300-D3BF8CCEF181}.Release|x86.ActiveCfg = Release|x86
		{173ABDCA-7278-46FF-A300-D3BF8CCEF181}.Release|x86.Build.0 = Release|x86
		{173ABDCA-7278-46FF-A300-D3BF8CCEF181}.XNA|x64.ActiveCfg = Debug|Any CPU
		{173ABDCA-7278-46FF-A300-D3BF8CCEF181}.XNA|x64.Build.0 = Debug|Any CPU
		{173ABDCA-7278-46FF-A300-D3BF8CCEF181}.XNA|x86.ActiveCfg = Debug|x86
		{173ABDCA-7278-46FF-A300-D3BF8CCEF181}.XNA|x86.Build.0 = Debug|x86
		{CFB603C1-8371-460D-BA60-91E697EAE1B3}.Debug|x64.ActiveCfg = Debug|FNA-x64
		{CFB603C1-8371-460D-BA60-91E697EAE1B3}.Debug|x64.Build.0 = Debug|FNA-x64
		{CFB603C1-8371-460D-BA60-91E697EAE1B3}.Debug|x86.ActiveCfg = Debug|FNA
		{CFB603C1-8371-460D-BA60-91E697EAE1B3}.Debug|x86.Build.0 = Debug|FNA
		{CFB603C1-8371-460D-BA60-91E697EAE1B3}.Release|x64.ActiveCfg = Release|FNA-x64
		{CFB603C1-8371-460D-BA60-91E697EAE1B3}.Release|x64.Build.0 = Release|FNA-x64
		{CFB603C1-8371-460D-BA60-91E697EAE1B3}.Release|x86.ActiveCfg = Release|FNA
		{CFB603C1-8371-460D-BA60-91E697EAE1B3}.Release|x86.Build.0 = Release|FNA
		{CFB603C1-8371-460D-BA60-91E697EAE1B3}.XNA|x64.ActiveCfg = Debug|x86
		{CFB603C1-8371-460D-BA60-91E697EAE1B3}.XNA|x64.Build.0 = Debug|x86
		{CFB603C1-8371-460D-BA60-91E697EAE1B3}.XNA|x86.ActiveCfg = Debug|x86
		{CFB603C1-8371-460D-BA60-91E697EAE1B3}.XNA|x86.Build.0 = Debug|x86
		{ECD55E3B-1139-4F0D-AF63-3F471AAF6E91}.Debug|x64.ActiveCfg = Debug|Any CPU
		{ECD55E3B-1139-4F0D-AF63-3F471AAF6E91}.Debug|x64.Build.0 = Debug|Any CPU
		{ECD55E3B-1139-4F0D-AF63-3F471AAF6E91}.Debug|x86.ActiveCfg = Debug|Any CPU
		{ECD55E3B-1139-4F0D-AF63-3F471AAF6E91}.Debug|x86.Build.0 = Debug|Any CPU
		{ECD55E3B-1139-4F0D-AF63-3F471AAF6E91}.Release|x64.ActiveCfg = Release|Any CPU
		{ECD55E3B-1139-4F0D-AF63-3F471AAF6E91}.Release|x64.Build.0 = Release|Any CPU
		{ECD55E3B-1139-4F0D-AF63-3F471AAF6E91}.Release|x86.ActiveCfg = Release|Any CPU
		{ECD55E3B-1139-4F0D-AF63-3F471AAF6E91}.Release|x86.Build.0 = Release|Any CPU
		{ECD55E3B-1139-4F0D-AF63-3F471AAF6E91}.XNA|x64.ActiveCfg = Debug|Any CPU
		{ECD55E3B-1139-4F0D-AF63-3F471AAF6E91}.XNA|x64.Build.0 = Debug|Any CPU
		{ECD55E3B-1139-4F0D-AF63-3F471AAF6E91}.XNA|x86.ActiveCfg = Debug|Any CPU
		{ECD55E3B-1139-4F0D-AF63-3F471AAF6E91}.XNA|x86.Build.0 = Debug|Any CPU
	EndGlobalSection
	GlobalSection(SolutionProperties) = preSolution
		HideSolutionNode = FALSE
	EndGlobalSection
	GlobalSection(ExtensibilityGlobals) = postSolution
		SolutionGuid = {A2E56BCB-D6DC-4AEF-9F5E-94A17DD408A4}
	EndGlobalSection
EndGlobal
